{
  "name": "line-upon-line",
  "version": "0.1.0",
  "lockfileVersion": 3,
  "requires": true,
  "packages": {
    "": {
      "name": "line-upon-line",
      "version": "0.1.0",
      "devDependencies": {
        "@fontsource-variable/figtree": "^5.3.0",
        "@fontsource-variable/fraunces": "^5.3.0",
        "@fontsource-variable/literata": "^5.3.0",
        "marked": "^18.0.14",
        "yaml": "^2.9.1"
      },
      "engines": {
        "node": ">=20"
      }
    },
    "node_modules/@fontsource-variable/figtree": {
      "version": "5.3.0",
      "resolved": "https://registry.npmjs.org/@fontsource-variable/figtree/-/figtree-5.3.0.tgz",
      "integrity": "sha512-VRVodD7OiG7apQwE8/2fMjaqpY/a0qRJqL5HtYj8CKIVps+9amaFcdfKmDIf7iqYQx6iPLlArVXAfKeIZmVcNQ==",
      "dev": true,
      "license": "OFL-1.1",
      "funding": {
        "url": "https://github.com/sponsors/ayuhito"
      }
    },
    "node_modules/@fontsource-variable/fraunces": {
      "version": "5.3.0",
      "resolved": "https://registry.npmjs.org/@fontsource-variable/fraunces/-/fraunces-5.3.0.tgz",
      "integrity": "sha512-9BYGySn4AHEJdgp9Z28tQ3X+laJMEOITXkQarZXeloWQZDq5oOvXJ3kDA8c7MGIfpogIaZfjrQBqmda8POOCKA==",
      "dev": true,
      "license": "OFL-1.1",
      "funding": {
        "url": "https://github.com/sponsors/ayuhito"
      }
    },
    "node_modules/@fontsource-variable/literata": {
      "version": "5.3.0",
      "resolved": "https://registry.npmjs.org/@fontsource-variable/literata/-/literata-5.3.0.tgz",
      "integrity": "sha512-1Jw7xvOcoGyB83lxB2nG4bfNbqtX2/TTbdh9sHAOmU064SvmSdulDtA5RBu5JYWf64fdaKX7xU+z3GO1T2bCHA==",
      "dev": true,
      "license": "OFL-1.1",
      "funding": {
        "url": "https://github.com/sponsors/ayuhito"
      }
    },
    "node_modules/marked": {
      "version": "18.0.14",
      "resolved": "https://registry.npmjs.org/marked/-/marked-18.0.14.tgz",
      "integrity": "sha512-mBHK6FBHuBAlhgRe88w9F0O1AbwwXJUcQibUbC/QcdTbVGAD7aWza+xt3N6oT/jCZx3/OMeS+8rnuiHZcQ9s7A==",
      "dev": true,
      "license": "MIT",
      "bin": {
        "marked": "bin/marked.js"
      },
      "engines": {
        "node": ">= 20"
      }
    },
    "node_modules/yaml": {
      "version": "2.9.1",
      "resolved": "https://registry.npmjs.org/yaml/-/yaml-2.9.1.tgz",
      "integrity": "sha512-3NxN8+78OdzbT7C/WjGsyfPAtJaN3FNDsWxv7Y7mcDsT/oOmgW8BpyQQFFBnvZE3j9Y2Sdz1ULFLezL7Eb2yFw==",
      "dev": true,
      "license": "ISC",
      "bin": {
        "yaml": "bin.mjs"
      },
      "engines": {
        "node": ">= 14.6"
      },
      "funding": {
        "url": "https://github.com/sponsors/eemeli"
      }
    }
  }
}
